lockfileVersion: '9.0'

settings:
  autoInstallPeers: true
  excludeLinksFromLockfile: false

importers:

  .:
    dependencies:
      pi-streak:
        specifier: ^1.0.0
        version: 1.0.0

packages:

  pi-streak@1.0.0:
    resolution: {integrity: sha512-ISNYnnkr8hdTcGKf2691dOgv/nmh0OxmSOyGWBD6fD9rRrDf8bBM276hOMtnhMXJGvdFJuocA44OrfDwbGRf/g==}
    engines: {bun: '>=1.0.0'}
    hasBin: true

snapshots:

  pi-streak@1.0.0: {}
